// !$*UTF8*$!
{
	archiveVersion = 1;
	classes = {
	};
	objectVersion = 77;
	objects = {

/* Begin PBXBuildFile section */
		ADD5D7942CC06FDA00A11146 /* FirebaseAnalytics in Frameworks */ = {isa = PBXBuildFile; productRef = ADD5D7932CC06FDA00A11146 /* FirebaseAnalytics */; };
		ADD5D7962CC06FDA00A11146 /* FirebaseAuth in Frameworks */ = {isa = PBXBuildFile; productRef = ADD5D7952CC06FDA00A11146 /* FirebaseAuth */; };
		ADD5D7982CC06FDA00A11146 /* FirebaseFirestore in Frameworks */ = {isa = PBXBuildFile; productRef = ADD5D7972CC06FDA00A11146 /* FirebaseFirestore */; };
		ADD5D79A2CC06FDA00A11146 /* FirebaseFunctions in Frameworks */ = {isa = PBXBuildFile; productRef = ADD5D7992CC06FDA00A11146 /* FirebaseFunctions */; };
		ADD5D79C2CC06FDA00A11146 /* FirebaseStorage in Frameworks */ = {isa = PBXBuildFile; productRef = ADD5D79B2CC06FDA00A11146 /* FirebaseStorage */; };
		ADF969D72CC0882D009153C4 /* FirebaseRemoteConfig in Frameworks */ = {isa = PBXBuildFile; productRef = ADF969D62CC0882D009153C4 /* FirebaseRemoteConfig */; };
/* End PBXBuildFile section */

/* Begin PBXContainerItemProxy section */
		ADD5D73C2CAA067F00A11146 /* PBXContainerItemProxy */ = {
			isa = PBXContainerItemProxy;
			containerPortal = ADD5D7232CAA067E00A11146 /* Project object */;
			proxyType = 1;
			remoteGlobalIDString = ADD5D72A2CAA067E00A11146;
			remoteInfo = PurrPal;
		};
		ADD5D7462CAA067F00A11146 /* PBXContainerItemProxy */ = {
			isa = PBXContainerItemProxy;
			containerPortal = ADD5D7232CAA067E00A11146 /* Project object */;
			proxyType = 1;
			remoteGlobalIDString = ADD5D72A2CAA067E00A11146;
			remoteInfo = PurrPal;
		};
/* End PBXContainerItemProxy section */

/* Begin PBXFileReference section */
		ADD5D72B2CAA067E00A11146 /* PurrPal.app */ = {isa = PBXFileReference; explicitFileType = wrapper.application; includeInIndex = 0; path = PurrPal.app; sourceTree = BUILT_PRODUCTS_DIR; };
		ADD5D73B2CAA067F00A11146 /* PurrPalTests.xctest */ = {isa = PBXFileReference; explicitFileType = wrapper.cfbundle; includeInIndex = 0; path = PurrPalTests.xctest; sourceTree = BUILT_PRODUCTS_DIR; };
		ADD5D7452CAA067F00A11146 /* PurrPalUITests.xctest */ = {isa = PBXFileReference; explicitFileType = wrapper.cfbundle; includeInIndex = 0; path = PurrPalUITests.xctest; sourceTree = BUILT_PRODUCTS_DIR; };
/* End PBXFileReference section */

/* Begin PBXFileSystemSynchronizedBuildFileExceptionSet section */
		ADF96A0D2CC5B3DF009153C4 /* Exceptions for "PurrPal" folder in "PurrPalTests" target */ = {
			isa = PBXFileSystemSynchronizedBuildFileExceptionSet;
			membershipExceptions = (
				"GoogleService-Info.plist",
			);
			target = ADD5D73A2CAA067F00A11146 /* PurrPalTests */;
		};
		ADF96A0E2CC5B3DF009153C4 /* Exceptions for "PurrPal" folder in "PurrPalUITests" target */ = {
			isa = PBXFileSystemSynchronizedBuildFileExceptionSet;
			membershipExceptions = (
				"GoogleService-Info.plist",
			);
			target = ADD5D7442CAA067F00A11146 /* PurrPalUITests */;
		};
/* End PBXFileSystemSynchronizedBuildFileExceptionSet section */

/* Begin PBXFileSystemSynchronizedRootGroup section */
		ADD5D72D2CAA067E00A11146 /* PurrPal */ = {
			isa = PBXFileSystemSynchronizedRootGroup;
			exceptions = (
				ADF96A0D2CC5B3DF009153C4 /* Exceptions for "PurrPal" folder in "PurrPalTests" target */,
				ADF96A0E2CC5B3DF009153C4 /* Exceptions for "PurrPal" folder in "PurrPalUITests" target */,
			);
			path = PurrPal;
			sourceTree = "<group>";
		};
		ADD5D73E2CAA067F00A11146 /* PurrPalTests */ = {
			isa = PBXFileSystemSynchronizedRootGroup;
			path = PurrPalTests;
			sourceTree = "<group>";
		};
		ADD5D7482CAA067F00A11146 /* PurrPalUITests */ = {
			isa = PBXFileSystemSynchronizedRootGroup;
			path = PurrPalUITests;
			sourceTree = "<group>";
		};
/* End PBXFileSystemSynchronizedRootGroup section */

/* Begin PBXFrameworksBuildPhase section */
		ADD5D7282CAA067E00A11146 /* Frameworks */ = {
			isa = PBXFrameworksBuildPhase;
			buildActionMask = 2147483647;
			files = (
				ADD5D7942CC06FDA00A11146 /* FirebaseAnalytics in Frameworks */,
				ADD5D7962CC06FDA00A11146 /* FirebaseAuth in Frameworks */,
				ADD5D7982CC06FDA00A11146 /* FirebaseFirestore in Frameworks */,
				ADF969D72CC0882D009153C4 /* FirebaseRemoteConfig in Frameworks */,
				ADD5D79C2CC06FDA00A11146 /* FirebaseStorage in Frameworks */,
				ADD5D79A2CC06FDA00A11146 /* FirebaseFunctions in Frameworks */,
			);
			runOnlyForDeploymentPostprocessing = 0;
		};
		ADD5D7382CAA067F00A11146 /* Frameworks */ = {
			isa = PBXFrameworksBuildPhase;
			buildActionMask = 2147483647;
			files = (
			);
			runOnlyForDeploymentPostprocessing = 0;
		};
		ADD5D7422CAA067F00A11146 /* Frameworks */ = {
			isa = PBXFrameworksBuildPhase;
			buildActionMask = 2147483647;
			files = (
			);
			runOnlyForDeploymentPostprocessing = 0;
		};
/* End PBXFrameworksBuildPhase section */

/* Begin PBXGroup section */
		ADD5D7222CAA067E00A11146 = {
			isa = PBXGroup;
			children = (
				ADD5D72D2CAA067E00A11146 /* PurrPal */,
				ADD5D73E2CAA067F00A11146 /* PurrPalTests */,
				ADD5D7482CAA067F00A11146 /* PurrPalUITests */,
				ADD5D72C2CAA067E00A11146 /* Products */,
				ADF969D52CC0882D009153C4 /* Frameworks */,
			);
			sourceTree = "<group>";
		};
		ADD5D72C2CAA067E00A11146 /* Products */ = {
			isa = PBXGroup;
			children = (
				ADD5D72B2CAA067E00A11146 /* PurrPal.app */,
				ADD5D73B2CAA067F00A11146 /* PurrPalTests.xctest */,
				ADD5D7452CAA067F00A11146 /* PurrPalUITests.xctest */,
			);
			name = Products;
			sourceTree = "<group>";
		};
		ADF969D52CC0882D009153C4 /* Frameworks */ = {
			isa = PBXGroup;
			children = (
			);
			name = Frameworks;
			sourceTree = "<group>";
		};
/* End PBXGroup section */

/* Begin PBXNativeTarget section */
		ADD5D72A2CAA067E00A11146 /* PurrPal */ = {
			isa = PBXNativeTarget;
			buildConfigurationList = ADD5D74F2CAA067F00A11146 /* Build configuration list for PBXNativeTarget "PurrPal" */;
			buildPhases = (
				ADD5D7272CAA067E00A11146 /* Sources */,
				ADD5D7282CAA067E00A11146 /* Frameworks */,
				ADD5D7292CAA067E00A11146 /* Resources */,
			);
			buildRules = (
			);
			dependencies = (
			);
			fileSystemSynchronizedGroups = (
				ADD5D72D2CAA067E00A11146 /* PurrPal */,
			);
			name = PurrPal;
			packageProductDependencies = (
				ADD5D7932CC06FDA00A11146 /* FirebaseAnalytics */,
				ADD5D7952CC06FDA00A11146 /* FirebaseAuth */,
				ADD5D7972CC06FDA00A11146 /* FirebaseFirestore */,
				ADD5D7992CC06FDA00A11146 /* FirebaseFunctions */,
				ADD5D79B2CC06FDA00A11146 /* FirebaseStorage */,
				ADF969D62CC0882D009153C4 /* FirebaseRemoteConfig */,
			);
			productName = PurrPal;
			productReference = ADD5D72B2CAA067E00A11146 /* PurrPal.app */;
			productType = "com.apple.product-type.application";
		};
		ADD5D73A2CAA067F00A11146 /* PurrPalTests */ = {
			isa = PBXNativeTarget;
			buildConfigurationList = ADD5D7522CAA067F00A11146 /* Build configuration list for PBXNativeTarget "PurrPalTests" */;
			buildPhases = (
				ADD5D7372CAA067F00A11146 /* Sources */,
				ADD5D7382CAA067F00A11146 /* Frameworks */,
				ADD5D7392CAA067F00A11146 /* Resources */,
			);
			buildRules = (
			);
			dependencies = (
				ADD5D73D2CAA067F00A11146 /* PBXTargetDependency */,
			);
			fileSystemSynchronizedGroups = (
				ADD5D73E2CAA067F00A11146 /* PurrPalTests */,
			);
			name = PurrPalTests;
			packageProductDependencies = (
			);
			productName = PurrPalTests;
			productReference = ADD5D73B2CAA067F00A11146 /* PurrPalTests.xctest */;
			productType = "com.apple.product-type.bundle.unit-test";
		};
		ADD5D7442CAA067F00A11146 /* PurrPalUITests */ = {
			isa = PBXNativeTarget;
			buildConfigurationList = ADD5D7552CAA067F00A11146 /* Build configuration list for PBXNativeTarget "PurrPalUITests" */;
			buildPhases = (
				ADD5D7412CAA067F00A11146 /* Sources */,
				ADD5D7422CAA067F00A11146 /* Frameworks */,
				ADD5D7432CAA067F00A11146 /* Resources */,
			);
			buildRules = (
			);
			dependencies = (
				ADD5D7472CAA067F00A11146 /* PBXTargetDependency */,
			);
			fileSystemSynchronizedGroups = (
				ADD5D7482CAA067F00A11146 /* PurrPalUITests */,
			);
			name = PurrPalUITests;
			packageProductDependencies = (
			);
			productName = PurrPalUITests;
			productReference = ADD5D7452CAA067F00A11146 /* PurrPalUITests.xctest */;
			productType = "com.apple.product-type.bundle.ui-testing";
		};
/* End PBXNativeTarget section */

/* Begin PBXProject section */
		ADD5D7232CAA067E00A11146 /* Project object */ = {
			isa = PBXProject;
			attributes = {
				BuildIndependentTargetsInParallel = 1;
				LastSwiftUpdateCheck = 1600;
				LastUpgradeCheck = 1600;
				TargetAttributes = {
					ADD5D72A2CAA067E00A11146 = {
						CreatedOnToolsVersion = 16.0;
					};
					ADD5D73A2CAA067F00A11146 = {
						CreatedOnToolsVersion = 16.0;
						TestTargetID = ADD5D72A2CAA067E00A11146;
					};
					ADD5D7442CAA067F00A11146 = {
						CreatedOnToolsVersion = 16.0;
						TestTargetID = ADD5D72A2CAA067E00A11146;
					};
				};
			};
			buildConfigurationList = ADD5D7262CAA067E00A11146 /* Build configuration list for PBXProject "PurrPal" */;
			developmentRegion = en;
			hasScannedForEncodings = 0;
			knownRegions = (
				en,
				Base,
			);
			mainGroup = ADD5D7222CAA067E00A11146;
			minimizedProjectReferenceProxies = 1;
			packageReferences = (
				ADD5D7922CC06FDA00A11146 /* XCRemoteSwiftPackageReference "firebase-ios-sdk" */,
			);
			preferredProjectObjectVersion = 77;
			productRefGroup = ADD5D72C2CAA067E00A11146 /* Products */;
			projectDirPath = "";
			projectRoot = "";
			targets = (
				ADD5D72A2CAA067E00A11146 /* PurrPal */,
				ADD5D73A2CAA067F00A11146 /* PurrPalTests */,
				ADD5D7442CAA067F00A11146 /* PurrPalUITests */,
			);
		};
/* End PBXProject section */

/* Begin PBXResourcesBuildPhase section */
		ADD5D7292CAA067E00A11146 /* Resources */ = {
			isa = PBXResourcesBuildPhase;
			buildActionMask = 2147483647;
			files = (
			);
			runOnlyForDeploymentPostprocessing = 0;
		};
		ADD5D7392CAA067F00A11146 /* Resources */ = {
			isa = PBXResourcesBuildPhase;
			buildActionMask = 2147483647;
			files = (
			);
			runOnlyForDeploymentPostprocessing = 0;
		};
		ADD5D7432CAA067F00A11146 /* Resources */ = {
			isa = PBXResourcesBuildPhase;
			buildActionMask = 2147483647;
			files = (
			);
			runOnlyForDeploymentPostprocessing = 0;
		};
/* End PBXResourcesBuildPhase section */

/* Begin PBXSourcesBuildPhase section */
		ADD5D7272CAA067E00A11146 /* Sources */ = {
			isa = PBXSourcesBuildPhase;
			buildActionMask = 2147483647;
			files = (
			);
			runOnlyForDeploymentPostprocessing = 0;
		};
		ADD5D7372CAA067F00A11146 /* Sources */ = {
			isa = PBXSourcesBuildPhase;
			buildActionMask = 2147483647;
			files = (
			);
			runOnlyForDeploymentPostprocessing = 0;
		};
		ADD5D7412CAA067F00A11146 /* Sources */ = {
			isa = PBXSourcesBuildPhase;
			buildActionMask = 2147483647;
			files = (
			);
			runOnlyForDeploymentPostprocessing = 0;
		};
/* End PBXSourcesBuildPhase section */

/* Begin PBXTargetDependency section */
		ADD5D73D2CAA067F00A11146 /* PBXTargetDependency */ = {
			isa = PBXTargetDependency;
			target = ADD5D72A2CAA067E00A11146 /* PurrPal */;
			targetProxy = ADD5D73C2CAA067F00A11146 /* PBXContainerItemProxy */;
		};
		ADD5D7472CAA067F00A11146 /* PBXTargetDependency */ = {
			isa = PBXTargetDependency;
			target = ADD5D72A2CAA067E00A11146 /* PurrPal */;
			targetProxy = ADD5D7462CAA067F00A11146 /* PBXContainerItemProxy */;
		};
/* End PBXTargetDependency section */

/* Begin XCBuildConfiguration section */
		ADD5D74D2CAA067F00A11146 /* Debug */ = {
			isa = XCBuildConfiguration;
			buildSettings = {
				ALWAYS_SEARCH_USER_PATHS = NO;
				ASSETCATALOG_COMPILER_GENERATE_SWIFT_ASSET_SYMBOL_EXTENSIONS = YES;
				CLANG_ANALYZER_NONNULL = YES;
				CLANG_ANALYZER_NUMBER_OBJECT_CONVERSION = YES_AGGRESSIVE;
				CLANG_CXX_LANGUAGE_STANDARD = "gnu++20";
				CLANG_ENABLE_MODULES = YES;
				CLANG_ENABLE_OBJC_ARC = YES;
				CLANG_ENABLE_OBJC_WEAK = YES;
				CLANG_WARN_BLOCK_CAPTURE_AUTORELEASING = YES;
				CLANG_WARN_BOOL_CONVERSION = YES;
				CLANG_WARN_COMMA = YES;
				CLANG_WARN_CONSTANT_CONVERSION = YES;
				CLANG_WARN_DEPRECATED_OBJC_IMPLEMENTATIONS = YES;
				CLANG_WARN_DIRECT_OBJC_ISA_USAGE = YES_ERROR;
				CLANG_WARN_DOCUMENTATION_COMMENTS = YES;
				CLANG_WARN_EMPTY_BODY = YES;
				CLANG_WARN_ENUM_CONVERSION = YES;
				CLANG_WARN_INFINITE_RECURSION = YES;
				CLANG_WARN_INT_CONVERSION = YES;
				CLANG_WARN_NON_LITERAL_NULL_CONVERSION = YES;
				CLANG_WARN_OBJC_IMPLICIT_RETAIN_SELF = YES;
				CLANG_WARN_OBJC_LITERAL_CONVERSION = YES;
				CLANG_WARN_OBJC_ROOT_CLASS = YES_ERROR;
				CLANG_WARN_QUOTED_INCLUDE_IN_FRAMEWORK_HEADER = YES;
				CLANG_WARN_RANGE_LOOP_ANALYSIS = YES;
				CLANG_WARN_STRICT_PROTOTYPES = YES;
				CLANG_WARN_SUSPICIOUS_MOVE = YES;
				CLANG_WARN_UNGUARDED_AVAILABILITY = YES_AGGRESSIVE;
				CLANG_WARN_UNREACHABLE_CODE = YES;
				CLANG_WARN__DUPLICATE_METHOD_MATCH = YES;
				COPY_PHASE_STRIP = NO;
				DEBUG_INFORMATION_FORMAT = dwarf;
				ENABLE_STRICT_OBJC_MSGSEND = YES;
				ENABLE_TESTABILITY = YES;
				ENABLE_USER_SCRIPT_SANDBOXING = YES;
				GCC_C_LANGUAGE_STANDARD = gnu17;
				GCC_DYNAMIC_NO_PIC = NO;
				GCC_NO_COMMON_BLOCKS = YES;
				GCC_OPTIMIZATION_LEVEL = 0;
				GCC_PREPROCESSOR_DEFINITIONS = (
					"DEBUG=1",
					"$(inherited)",
				);
				GCC_WARN_64_TO_32_BIT_CONVERSION = YES;
				GCC_WARN_ABOUT_RETURN_TYPE = YES_ERROR;
				GCC_WARN_UNDECLARED_SELECTOR = YES;
				GCC_WARN_UNINITIALIZED_AUTOS = YES_AGGRESSIVE;
				GCC_WARN_UNUSED_FUNCTION = YES;
				GCC_WARN_UNUSED_VARIABLE = YES;
				IPHONEOS_DEPLOYMENT_TARGET = 18.0;
				LOCALIZATION_PREFERS_STRING_CATALOGS = YES;
				MTL_ENABLE_DEBUG_INFO = INCLUDE_SOURCE;
				MTL_FAST_MATH = YES;
				ONLY_ACTIVE_ARCH = YES;
				SDKROOT = iphoneos;
				SWIFT_ACTIVE_COMPILATION_CONDITIONS = "DEBUG $(inherited)";
				SWIFT_OPTIMIZATION_LEVEL = "-Onone";
			};
			name = Debug;
		};
		ADD5D74E2CAA067F00A11146 /* Release */ = {
			isa = XCBuildConfiguration;
			buildSettings = {
				ALWAYS_SEARCH_USER_PATHS = NO;
				ASSETCATALOG_COMPILER_GENERATE_SWIFT_ASSET_SYMBOL_EXTENSIONS = YES;
				CLANG_ANALYZER_NONNULL = YES;
				CLANG_ANALYZER_NUMBER_OBJECT_CONVERSION = YES_AGGRESSIVE;
				CLANG_CXX_LANGUAGE_STANDARD = "gnu++20";
				CLANG_ENABLE_MODULES = YES;
				CLANG_ENABLE_OBJC_ARC = YES;
				CLANG_ENABLE_OBJC_WEAK = YES;
				CLANG_WARN_BLOCK_CAPTURE_AUTORELEASING = YES;
				CLANG_WARN_BOOL_CONVERSION = YES;
				CLANG_WARN_COMMA = YES;
				CLANG_WARN_CONSTANT_CONVERSION = YES;
				CLANG_WARN_DEPRECATED_OBJC_IMPLEMENTATIONS = YES;
				CLANG_WARN_DIRECT_OBJC_ISA_USAGE = YES_ERROR;
				CLANG_WARN_DOCUMENTATION_COMMENTS = YES;
				CLANG_WARN_EMPTY_BODY = YES;
				CLANG_WARN_ENUM_CONVERSION = YES;
				CLANG_WARN_INFINITE_RECURSION = YES;
				CLANG_WARN_INT_CONVERSION = YES;
				CLANG_WARN_NON_LITERAL_NULL_CONVERSION = YES;
				CLANG_WARN_OBJC_IMPLICIT_RETAIN_SELF = YES;
				CLANG_WARN_OBJC_LITERAL_CONVERSION = YES;
				CLANG_WARN_OBJC_ROOT_CLASS = YES_ERROR;
				CLANG_WARN_QUOTED_INCLUDE_IN_FRAMEWORK_HEADER = YES;
				CLANG_WARN_RANGE_LOOP_ANALYSIS = YES;
				CLANG_WARN_STRICT_PROTOTYPES = YES;
				CLANG_WARN_SUSPICIOUS_MOVE = YES;
				CLANG_WARN_UNGUARDED_AVAILABILITY = YES_AGGRESSIVE;
				CLANG_WARN_UNREACHABLE_CODE = YES;
				CLANG_WARN__DUPLICATE_METHOD_MATCH = YES;
				COPY_PHASE_STRIP = NO;
				DEBUG_INFORMATION_FORMAT = "dwarf-with-dsym";
				ENABLE_NS_ASSERTIONS = NO;
				ENABLE_STRICT_OBJC_MSGSEND = YES;
				ENABLE_USER_SCRIPT_SANDBOXING = YES;
				GCC_C_LANGUAGE_STANDARD = gnu17;
				GCC_NO_COMMON_BLOCKS = YES;
				GCC_WARN_64_TO_32_BIT_CONVERSION = YES;
				GCC_WARN_ABOUT_RETURN_TYPE = YES_ERROR;
				GCC_WARN_UNDECLARED_SELECTOR = YES;
				GCC_WARN_UNINITIALIZED_AUTOS = YES_AGGRESSIVE;
				GCC_WARN_UNUSED_FUNCTION = YES;
				GCC_WARN_UNUSED_VARIABLE = YES;
				IPHONEOS_DEPLOYMENT_TARGET = 18.0;
				LOCALIZATION_PREFERS_STRING_CATALOGS = YES;
				MTL_ENABLE_DEBUG_INFO = NO;
				MTL_FAST_MATH = YES;
				SDKROOT = iphoneos;
				SWIFT_COMPILATION_MODE = wholemodule;
				VALIDATE_PRODUCT = YES;
			};
			name = Release;
		};
		ADD5D7502CAA067F00A11146 /* Debug */ = {
			isa = XCBuildConfiguration;
			buildSettings = {
				ASSETCATALOG_COMPILER_APPICON_NAME = AppIcon;
				ASSETCATALOG_COMPILER_GLOBAL_ACCENT_COLOR_NAME = AccentColor;
				CODE_SIGN_STYLE = Automatic;
				CURRENT_PROJECT_VERSION = 1;
				DEVELOPMENT_ASSET_PATHS = "\"PurrPal/Preview Content\"";
				DEVELOPMENT_TEAM = GM7NDU8WTM;
				ENABLE_PREVIEWS = YES;
				GENERATE_INFOPLIST_FILE = YES;
				INFOPLIST_KEY_UIApplicationSceneManifest_Generation = YES;
				INFOPLIST_KEY_UIApplicationSupportsIndirectInputEvents = YES;
				INFOPLIST_KEY_UILaunchScreen_Generation = YES;
				INFOPLIST_KEY_UISupportedInterfaceOrientations_iPad = "UIInterfaceOrientationPortrait UIInterfaceOrientationPortraitUpsideDown UIInterfaceOrientationLandscapeLeft UIInterfaceOrientationLandscapeRight";
				INFOPLIST_KEY_UISupportedInterfaceOrientations_iPhone = "UIInterfaceOrientationPortrait UIInterfaceOrientationLandscapeLeft UIInterfaceOrientationLandscapeRight";
				LD_RUNPATH_SEARCH_PATHS = (
					"$(inherited)",
					"@executable_path/Frameworks",
				);
				MARKETING_VERSION = 1.0;
				PRODUCT_BUNDLE_IDENTIFIER = "com.eddy-wu.PurrPal";
				PRODUCT_NAME = "$(TARGET_NAME)";
				SWIFT_EMIT_LOC_STRINGS = YES;
				SWIFT_VERSION = 5.0;
				TARGETED_DEVICE_FAMILY = "1,2";
			};
			name = Debug;
		};
		ADD5D7512CAA067F00A11146 /* Release */ = {
			isa = XCBuildConfiguration;
			buildSettings = {
				ASSETCATALOG_COMPILER_APPICON_NAME = AppIcon;
				ASSETCATALOG_COMPILER_GLOBAL_ACCENT_COLOR_NAME = AccentColor;
				CODE_SIGN_STYLE = Automatic;
				CURRENT_PROJECT_VERSION = 1;
				DEVELOPMENT_ASSET_PATHS = "\"PurrPal/Preview Content\"";
				DEVELOPMENT_TEAM = GM7NDU8WTM;
				ENABLE_PREVIEWS = YES;
				GENERATE_INFOPLIST_FILE = YES;
				INFOPLIST_KEY_UIApplicationSceneManifest_Generation = YES;
				INFOPLIST_KEY_UIApplicationSupportsIndirectInputEvents = YES;
				INFOPLIST_KEY_UILaunchScreen_Generation = YES;
				INFOPLIST_KEY_UISupportedInterfaceOrientations_iPad = "UIInterfaceOrientationPortrait UIInterfaceOrientationPortraitUpsideDown UIInterfaceOrientationLandscapeLeft UIInterfaceOrientationLandscapeRight";
				INFOPLIST_KEY_UISupportedInterfaceOrientations_iPhone = "UIInterfaceOrientationPortrait UIInterfaceOrientationLandscapeLeft UIInterfaceOrientationLandscapeRight";
				LD_RUNPATH_SEARCH_PATHS = (
					"$(inherited)",
					"@executable_path/Frameworks",
				);
				MARKETING_VERSION = 1.0;
				PRODUCT_BUNDLE_IDENTIFIER = "com.eddy-wu.PurrPal";
				PRODUCT_NAME = "$(TARGET_NAME)";
				SWIFT_EMIT_LOC_STRINGS = YES;
				SWIFT_VERSION = 5.0;
				TARGETED_DEVICE_FAMILY = "1,2";
			};
			name = Release;
		};
		ADD5D7532CAA067F00A11146 /* Debug */ = {
			isa = XCBuildConfiguration;
			buildSettings = {
				BUNDLE_LOADER = "$(TEST_HOST)";
				CODE_SIGN_STYLE = Automatic;
				CURRENT_PROJECT_VERSION = 1;
				DEVELOPMENT_TEAM = GM7NDU8WTM;
				GENERATE_INFOPLIST_FILE = YES;
				IPHONEOS_DEPLOYMENT_TARGET = 18.0;
				MARKETING_VERSION = 1.0;
				PRODUCT_BUNDLE_IDENTIFIER = "com.eddy-wu.PurrPalTests";
				PRODUCT_NAME = "$(TARGET_NAME)";
				SWIFT_EMIT_LOC_STRINGS = NO;
				SWIFT_VERSION = 5.0;
				TARGETED_DEVICE_FAMILY = "1,2";
				TEST_HOST = "$(BUILT_PRODUCTS_DIR)/PurrPal.app/$(BUNDLE_EXECUTABLE_FOLDER_PATH)/PurrPal";
			};
			name = Debug;
		};
		ADD5D7542CAA067F00A11146 /* Release */ = {
			isa = XCBuildConfiguration;
			buildSettings = {
				BUNDLE_LOADER = "$(TEST_HOST)";
				CODE_SIGN_STYLE = Automatic;
				CURRENT_PROJECT_VERSION = 1;
				DEVELOPMENT_TEAM = GM7NDU8WTM;
				GENERATE_INFOPLIST_FILE = YES;
				IPHONEOS_DEPLOYMENT_TARGET = 18.0;
				MARKETING_VERSION = 1.0;
				PRODUCT_BUNDLE_IDENTIFIER = "com.eddy-wu.PurrPalTests";
				PRODUCT_NAME = "$(TARGET_NAME)";
				SWIFT_EMIT_LOC_STRINGS = NO;
				SWIFT_VERSION = 5.0;
				TARGETED_DEVICE_FAMILY = "1,2";
				TEST_HOST = "$(BUILT_PRODUCTS_DIR)/PurrPal.app/$(BUNDLE_EXECUTABLE_FOLDER_PATH)/PurrPal";
			};
			name = Release;
		};
		ADD5D7562CAA067F00A11146 /* Debug */ = {
			isa = XCBuildConfiguration;
			buildSettings = {
				CODE_SIGN_STYLE = Automatic;
				CURRENT_PROJECT_VERSION = 1;
				DEVELOPMENT_TEAM = GM7NDU8WTM;
				GENERATE_INFOPLIST_FILE = YES;
				MARKETING_VERSION = 1.0;
				PRODUCT_BUNDLE_IDENTIFIER = "com.eddy-wu.PurrPalUITests";
				PRODUCT_NAME = "$(TARGET_NAME)";
				SWIFT_EMIT_LOC_STRINGS = NO;
				SWIFT_VERSION = 5.0;
				TARGETED_DEVICE_FAMILY = "1,2";
				TEST_TARGET_NAME = PurrPal;
			};
			name = Debug;
		};
		ADD5D7572CAA067F00A11146 /* Release */ = {
			isa = XCBuildConfiguration;
			buildSettings = {
				CODE_SIGN_STYLE = Automatic;
				CURRENT_PROJECT_VERSION = 1;
				DEVELOPMENT_TEAM = GM7NDU8WTM;
				GENERATE_INFOPLIST_FILE = YES;
				MARKETING_VERSION = 1.0;
				PRODUCT_BUNDLE_IDENTIFIER = "com.eddy-wu.PurrPalUITests";
				PRODUCT_NAME = "$(TARGET_NAME)";
				SWIFT_EMIT_LOC_STRINGS = NO;
				SWIFT_VERSION = 5.0;
				TARGETED_DEVICE_FAMILY = "1,2";
				TEST_TARGET_NAME = PurrPal;
			};
			name = Release;
		};
/* End XCBuildConfiguration section */

/* Begin XCConfigurationList section */
		ADD5D7262CAA067E00A11146 /* Build configuration list for PBXProject "PurrPal" */ = {
			isa = XCConfigurationList;
			buildConfigurations = (
				ADD5D74D2CAA067F00A11146 /* Debug */,
				ADD5D74E2CAA067F00A11146 /* Release */,
			);
			defaultConfigurationIsVisible = 0;
			defaultConfigurationName = Release;
		};
		ADD5D74F2CAA067F00A11146 /* Build configuration list for PBXNativeTarget "PurrPal" */ = {
			isa = XCConfigurationList;
			buildConfigurations = (
				ADD5D7502CAA067F00A11146 /* Debug */,
				ADD5D7512CAA067F00A11146 /* Release */,
			);
			defaultConfigurationIsVisible = 0;
			defaultConfigurationName = Release;
		};
		ADD5D7522CAA067F00A11146 /* Build configuration list for PBXNativeTarget "PurrPalTests" */ = {
			isa = XCConfigurationList;
			buildConfigurations = (
				ADD5D7532CAA067F00A11146 /* Debug */,
				ADD5D7542CAA067F00A11146 /* Release */,
			);
			defaultConfigurationIsVisible = 0;
			defaultConfigurationName = Release;
		};
		ADD5D7552CAA067F00A11146 /* Build configuration list for PBXNativeTarget "PurrPalUITests" */ = {
			isa = XCConfigurationList;
			buildConfigurations = (
				ADD5D7562CAA067F00A11146 /* Debug */,
				ADD5D7572CAA067F00A11146 /* Release */,
			);
			defaultConfigurationIsVisible = 0;
			defaultConfigurationName = Release;
		};
/* End XCConfigurationList section */

/* Begin XCRemoteSwiftPackageReference section */
		ADD5D7922CC06FDA00A11146 /* XCRemoteSwiftPackageReference "firebase-ios-sdk" */ = {
			isa = XCRemoteSwiftPackageReference;
			repositoryURL = "https://github.com/firebase/firebase-ios-sdk";
			requirement = {
				kind = upToNextMajorVersion;
				minimumVersion = 11.3.0;
			};
		};
/* End XCRemoteSwiftPackageReference section */

/* Begin XCSwiftPackageProductDependency section */
		ADD5D7932CC06FDA00A11146 /* FirebaseAnalytics */ = {
			isa = XCSwiftPackageProductDependency;
			package = ADD5D7922CC06FDA00A11146 /* XCRemoteSwiftPackageReference "firebase-ios-sdk" */;
			productName = FirebaseAnalytics;
		};
		ADD5D7952CC06FDA00A11146 /* FirebaseAuth */ = {
			isa = XCSwiftPackageProductDependency;
			package = ADD5D7922CC06FDA00A11146 /* XCRemoteSwiftPackageReference "firebase-ios-sdk" */;
			productName = FirebaseAuth;
		};
		ADD5D7972CC06FDA00A11146 /* FirebaseFirestore */ = {
			isa = XCSwiftPackageProductDependency;
			package = ADD5D7922CC06FDA00A11146 /* XCRemoteSwiftPackageReference "firebase-ios-sdk" */;
			productName = FirebaseFirestore;
		};
		ADD5D7992CC06FDA00A11146 /* FirebaseFunctions */ = {
			isa = XCSwiftPackageProductDependency;
			package = ADD5D7922CC06FDA00A11146 /* XCRemoteSwiftPackageReference "firebase-ios-sdk" */;
			productName = FirebaseFunctions;
		};
		ADD5D79B2CC06FDA00A11146 /* FirebaseStorage */ = {
			isa = XCSwiftPackageProductDependency;
			package = ADD5D7922CC06FDA00A11146 /* XCRemoteSwiftPackageReference "firebase-ios-sdk" */;
			productName = FirebaseStorage;
		};
		ADF969D62CC0882D009153C4 /* FirebaseRemoteConfig */ = {
			isa = XCSwiftPackageProductDependency;
			package = ADD5D7922CC06FDA00A11146 /* XCRemoteSwiftPackageReference "firebase-ios-sdk" */;
			productName = FirebaseRemoteConfig;
		};
/* End XCSwiftPackageProductDependency section */
	};
	rootObject = ADD5D7232CAA067E00A11146 /* Project object */;
}
